{
  "name": "ags",
  "lockfileVersion": 3,
  "requires": true,
  "packages": {
    "": {
      "dependencies": {
        "ags": "*",
        "gnim": "*"
      },
      "devDependencies": {
        "@types/react": "^19.2.17"
      }
    },
    "../../../../usr/share/ags/js": {
      "name": "ags",
      "version": "3.1.2",
      "license": "LGPL-2.1",
      "os": [
        "linux"
      ],
      "devDependencies": {
        "@eslint/js": "latest",
        "eslint": "^9.39.1",
        "typescript": "^5.9.3",
        "typescript-eslint": "^8.48.0"
      },
      "engines": {
        "gjs": ">=1.79.0"
      },
      "funding": {
        "type": "kofi",
        "url": "https://ko-fi.com/aylur"
      },
      "peerDependencies": {
        "gnim": "^1.9.1"
      }
    },
    "../../../../usr/share/ags/js/node_modules/gnim": {
      "version": "1.9.1",
      "license": "MIT",
      "engines": {
        "gjs": ">=1.79.0"
      },
      "funding": {
        "type": "kofi",
        "url": "https://ko-fi.com/aylur"
      }
    },
    "node_modules/@types/react": {
      "version": "19.2.17",
      "resolved": "https://registry.npmjs.org/@types/react/-/react-19.2.17.tgz",
      "integrity": "sha512-MXfmqaVPEVgkBT/aY0aGCkRWWtByiYQXo3xdQ8r5RzuFrPiRn8Gar2tQdXSUQ2GKV3bkXckek89V8wQBY2Q/Aw==",
      "dev": true,
      "license": "MIT",
      "dependencies": {
        "csstype": "^3.2.2"
      }
    },
    "node_modules/ags": {
      "resolved": "../../../../usr/share/ags/js",
      "link": true
    },
    "node_modules/csstype": {
      "version": "3.2.3",
      "resolved": "https://registry.npmjs.org/csstype/-/csstype-3.2.3.tgz",
      "integrity": "sha512-z1HGKcYy2xA8AGQfwrn0PAy+PB7X/GSj3UVJW9qKyn43xWa+gl5nXmU4qqLMRzWVLFC8KusUX8T/0kCiOYpAIQ==",
      "dev": true,
      "license": "MIT"
    },
    "node_modules/gnim": {
      "resolved": "../../../../usr/share/ags/js/node_modules/gnim",
      "link": true
    }
  }
}
